
Microsoft Visual Studio Solution File, Format Version 12.00
# Visual Studio Version 16
VisualStudioVersion = 16.0.30907.101
MinimumVisualStudioVersion = 10.0.40219.1
Project("{8BC9CEB8-8B4A-11D0-8D11-00A0C91BC942}") = "Задание 1-1", "Задание 1\Задание 1.vcxproj", "{EDDE57A3-F106-4FC6-90BB-D7C19125FAA3}"
EndProject
Project("{8BC9CEB8-8B4A-11D0-8D11-00A0C91BC942}") = "Задание 1-2", "Задание 1-2\Задание 1-2.vcxproj", "{37DA0D29-7E8C-43A5-8F09-68FCC766CD96}"
EndProject
Project("{8BC9CEB8-8B4A-11D0-8D11-00A0C91BC942}") = "Задание 1-3", "Задание 1-3\Задание 1-3.vcxproj", "{57C76BD6-DC47-472B-A8DA-CFEB93EF13BE}"
EndProject
Project("{8BC9CEB8-8B4A-11D0-8D11-00A0C91BC942}") = "Задание 2-1", "Задание 2-1\Задание 2-1.vcxproj", "{F6389C8B-9179-4738-BD7E-0B9EF08863F1}"
EndProject
Project("{8BC9CEB8-8B4A-11D0-8D11-00A0C91BC942}") = "Задание 2-2", "Задание 2-2\Задание 2-2.vcxproj", "{ADCD7B69-2DF7-4D1F-B824-299545736DFC}"
EndProject
Project("{8BC9CEB8-8B4A-11D0-8D11-00A0C91BC942}") = "Задание 2-3", "Задание 2-3\Задание 2-3.vcxproj", "{6ABD7DFF-8DA3-46FA-9851-2DE04B09964A}"
EndProject
Project("{8BC9CEB8-8B4A-11D0-8D11-00A0C91BC942}") = "Задание 3-1", "Задание 3-1\Задание 3-1.vcxproj", "{082F64BF-D462-42B7-8EA9-6B3B48739FCF}"
EndProject
Project("{8BC9CEB8-8B4A-11D0-8D11-00A0C91BC942}") = "Задание 3-2", "Задание 3-2\Задание 3-2.vcxproj", "{063B5437-8093-4E37-A3A3-01244BB62998}"
EndProject
Project("{8BC9CEB8-8B4A-11D0-8D11-00A0C91BC942}") = "Задание 3-3", "Задание 3-3\Задание 3-3.vcxproj", "{AFE6A526-9265-448C-A938-7200856935E8}"
EndProject
Project("{8BC9CEB8-8B4A-11D0-8D11-00A0C91BC942}") = "Задание 4-1", "Задание 4-1\Задание 4-1.vcxproj", "{36CBA26E-F827-49C3-AE48-59F46B10236B}"
EndProject
Project("{8BC9CEB8-8B4A-11D0-8D11-00A0C91BC942}") = "Задание 4-2", "Задание 4-2\Задание 4-2.vcxproj", "{F815D18D-53CE-4722-BC98-D193CAAA0309}"
EndProject
Project("{8BC9CEB8-8B4A-11D0-8D11-00A0C91BC942}") = "Задание 4-3", "Задание 4-3\Задание 4-3.vcxproj", "{DB8DEB70-51D9-490F-9FC5-55CE724EF50A}"
EndProject
Project("{8BC9CEB8-8B4A-11D0-8D11-00A0C91BC942}") = "Задание 5-1", "Задание 5-1\Задание 5-1.vcxproj", "{F614BE0A-0BD3-4176-A4A5-C165184A9261}"
EndProject
Project("{8BC9CEB8-8B4A-11D0-8D11-00A0C91BC942}") = "Задание 5-2", "Задание 5-2\Задание 5-2.vcxproj", "{76757BC5-314A-45FF-BB69-18CE53A4D9F3}"
EndProject
Project("{8BC9CEB8-8B4A-11D0-8D11-00A0C91BC942}") = "Задание 5-3", "Задание 5-3\Задание 5-3.vcxproj", "{0731547B-F499-499D-A92C-B4D1A58E8EAA}"
EndProject
Project("{8BC9CEB8-8B4A-11D0-8D11-00A0C91BC942}") = "Задание 6-1", "Задание 6-1\Задание 6-1.vcxproj", "{474FA253-C8B1-40E5-9CA7-C1B52DAA174F}"
EndProject
Project("{8BC9CEB8-8B4A-11D0-8D11-00A0C91BC942}") = "Задание 6-2", "Задание 6-2\Задание 6-2.vcxproj", "{193396BA-9E2D-49D4-B68C-6D1F9BB966C0}"
EndProject
Project("{8BC9CEB8-8B4A-11D0-8D11-00A0C91BC942}") = "Задание 6-3", "Задание 6-3\Задание 6-3.vcxproj", "{94BD2D5E-35DC-43E8-8D13-31FE8E175A29}"
EndProject
Global
	GlobalSection(SolutionConfigurationPlatforms) = preSolution
		Debug|x64 = Debug|x64
		Debug|x86 = Debug|x86
		Release|x64 = Release|x64
		Release|x86 = Release|x86
	EndGlobalSection
	GlobalSection(ProjectConfigurationPlatforms) = postSolution
		{EDDE57A3-F106-4FC6-90BB-D7C19125FAA3}.Debug|x64.ActiveCfg = Debug|x64
		{EDDE57A3-F106-4FC6-90BB-D7C19125FAA3}.Debug|x64.Build.0 = Debug|x64
		{EDDE57A3-F106-4FC6-90BB-D7C19125FAA3}.Debug|x86.ActiveCfg = Debug|Win32
		{EDDE57A3-F106-4FC6-90BB-D7C19125FAA3}.Debug|x86.Build.0 = Debug|Win32
		{EDDE57A3-F106-4FC6-90BB-D7C19125FAA3}.Release|x64.ActiveCfg = Release|x64
		{EDDE57A3-F106-4FC6-90BB-D7C19125FAA3}.Release|x64.Build.0 = Release|x64
		{EDDE57A3-F106-4FC6-90BB-D7C19125FAA3}.Release|x86.ActiveCfg = Release|Win32
		{EDDE57A3-F106-4FC6-90BB-D7C19125FAA3}.Release|x86.Build.0 = Release|Win32
		{37DA0D29-7E8C-43A5-8F09-68FCC766CD96}.Debug|x64.ActiveCfg = Debug|x64
		{37DA0D29-7E8C-43A5-8F09-68FCC766CD96}.Debug|x64.Build.0 = Debug|x64
		{37DA0D29-7E8C-43A5-8F09-68FCC766CD96}.Debug|x86.ActiveCfg = Debug|Win32
		{37DA0D29-7E8C-43A5-8F09-68FCC766CD96}.Debug|x86.Build.0 = Debug|Win32
		{37DA0D29-7E8C-43A5-8F09-68FCC766CD96}.Release|x64.ActiveCfg = Release|x64
		{37DA0D29-7E8C-43A5-8F09-68FCC766CD96}.Release|x64.Build.0 = Release|x64
		{37DA0D29-7E8C-43A5-8F09-68FCC766CD96}.Release|x86.ActiveCfg = Release|Win32
		{37DA0D29-7E8C-43A5-8F09-68FCC766CD96}.Release|x86.Build.0 = Release|Win32
		{57C76BD6-DC47-472B-A8DA-CFEB93EF13BE}.Debug|x64.ActiveCfg = Debug|x64
		{57C76BD6-DC47-472B-A8DA-CFEB93EF13BE}.Debug|x64.Build.0 = Debug|x64
		{57C76BD6-DC47-472B-A8DA-CFEB93EF13BE}.Debug|x86.ActiveCfg = Debug|Win32
		{57C76BD6-DC47-472B-A8DA-CFEB93EF13BE}.Debug|x86.Build.0 = Debug|Win32
		{57C76BD6-DC47-472B-A8DA-CFEB93EF13BE}.Release|x64.ActiveCfg = Release|x64
		{57C76BD6-DC47-472B-A8DA-CFEB93EF13BE}.Release|x64.Build.0 = Release|x64
		{57C76BD6-DC47-472B-A8DA-CFEB93EF13BE}.Release|x86.ActiveCfg = Release|Win32
		{57C76BD6-DC47-472B-A8DA-CFEB93EF13BE}.Release|x86.Build.0 = Release|Win32
		{F6389C8B-9179-4738-BD7E-0B9EF08863F1}.Debug|x64.ActiveCfg = Debug|x64
		{F6389C8B-9179-4738-BD7E-0B9EF08863F1}.Debug|x64.Build.0 = Debug|x64
		{F6389C8B-9179-4738-BD7E-0B9EF08863F1}.Debug|x86.ActiveCfg = Debug|Win32
		{F6389C8B-9179-4738-BD7E-0B9EF08863F1}.Debug|x86.Build.0 = Debug|Win32
		{F6389C8B-9179-4738-BD7E-0B9EF08863F1}.Release|x64.ActiveCfg = Release|x64
		{F6389C8B-9179-4738-BD7E-0B9EF08863F1}.Release|x64.Build.0 = Release|x64
		{F6389C8B-9179-4738-BD7E-0B9EF08863F1}.Release|x86.ActiveCfg = Release|Win32
		{F6389C8B-9179-4738-BD7E-0B9EF08863F1}.Release|x86.Build.0 = Release|Win32
		{ADCD7B69-2DF7-4D1F-B824-299545736DFC}.Debug|x64.ActiveCfg = Debug|x64
		{ADCD7B69-2DF7-4D1F-B824-299545736DFC}.Debug|x64.Build.0 = Debug|x64
		{ADCD7B69-2DF7-4D1F-B824-299545736DFC}.Debug|x86.ActiveCfg = Debug|Win32
		{ADCD7B69-2DF7-4D1F-B824-299545736DFC}.Debug|x86.Build.0 = Debug|Win32
		{ADCD7B69-2DF7-4D1F-B824-299545736DFC}.Release|x64.ActiveCfg = Release|x64
		{ADCD7B69-2DF7-4D1F-B824-299545736DFC}.Release|x64.Build.0 = Release|x64
		{ADCD7B69-2DF7-4D1F-B824-299545736DFC}.Release|x86.ActiveCfg = Release|Win32
		{ADCD7B69-2DF7-4D1F-B824-299545736DFC}.Release|x86.Build.0 = Release|Win32
		{6ABD7DFF-8DA3-46FA-9851-2DE04B09964A}.Debug|x64.ActiveCfg = Debug|x64
		{6ABD7DFF-8DA3-46FA-9851-2DE04B09964A}.Debug|x64.Build.0 = Debug|x64
		{6ABD7DFF-8DA3-46FA-9851-2DE04B09964A}.Debug|x86.ActiveCfg = Debug|Win32
		{6ABD7DFF-8DA3-46FA-9851-2DE04B09964A}.Debug|x86.Build.0 = Debug|Win32
		{6ABD7DFF-8DA3-46FA-9851-2DE04B09964A}.Release|x64.ActiveCfg = Release|x64
		{6ABD7DFF-8DA3-46FA-9851-2DE04B09964A}.Release|x64.Build.0 = Release|x64
		{6ABD7DFF-8DA3-46FA-9851-2DE04B09964A}.Release|x86.ActiveCfg = Release|Win32
		{6ABD7DFF-8DA3-46FA-9851-2DE04B09964A}.Release|x86.Build.0 = Release|Win32
		{082F64BF-D462-42B7-8EA9-6B3B48739FCF}.Debug|x64.ActiveCfg = Debug|x64
		{082F64BF-D462-42B7-8EA9-6B3B48739FCF}.Debug|x64.Build.0 = Debug|x64
		{082F64BF-D462-42B7-8EA9-6B3B48739FCF}.Debug|x86.ActiveCfg = Debug|Win32
		{082F64BF-D462-42B7-8EA9-6B3B48739FCF}.Debug|x86.Build.0 = Debug|Win32
		{082F64BF-D462-42B7-8EA9-6B3B48739FCF}.Release|x64.ActiveCfg = Release|x64
		{082F64BF-D462-42B7-8EA9-6B3B48739FCF}.Release|x64.Build.0 = Release|x64
		{082F64BF-D462-42B7-8EA9-6B3B48739FCF}.Release|x86.ActiveCfg = Release|Win32
		{082F64BF-D462-42B7-8EA9-6B3B48739FCF}.Release|x86.Build.0 = Release|Win32
		{063B5437-8093-4E37-A3A3-01244BB62998}.Debug|x64.ActiveCfg = Debug|x64
		{063B5437-8093-4E37-A3A3-01244BB62998}.Debug|x64.Build.0 = Debug|x64
		{063B5437-8093-4E37-A3A3-01244BB62998}.Debug|x86.ActiveCfg = Debug|Win32
		{063B5437-8093-4E37-A3A3-01244BB62998}.Debug|x86.Build.0 = Debug|Win32
		{063B5437-8093-4E37-A3A3-01244BB62998}.Release|x64.ActiveCfg = Release|x64
		{063B5437-8093-4E37-A3A3-01244BB62998}.Release|x64.Build.0 = Release|x64
		{063B5437-8093-4E37-A3A3-01244BB62998}.Release|x86.ActiveCfg = Release|Win32
		{063B5437-8093-4E37-A3A3-01244BB62998}.Release|x86.Build.0 = Release|Win32
		{AFE6A526-9265-448C-A938-7200856935E8}.Debug|x64.ActiveCfg = Debug|x64
		{AFE6A526-9265-448C-A938-7200856935E8}.Debug|x64.Build.0 = Debug|x64
		{AFE6A526-9265-448C-A938-7200856935E8}.Debug|x86.ActiveCfg = Debug|Win32
		{AFE6A526-9265-448C-A938-7200856935E8}.Debug|x86.Build.0 = Debug|Win32
		{AFE6A526-9265-448C-A938-7200856935E8}.Release|x64.ActiveCfg = Release|x64
		{AFE6A526-9265-448C-A938-7200856935E8}.Release|x64.Build.0 = Release|x64
		{AFE6A526-9265-448C-A938-7200856935E8}.Release|x86.ActiveCfg = Release|Win32
		{AFE6A526-9265-448C-A938-7200856935E8}.Release|x86.Build.0 = Release|Win32
		{36CBA26E-F827-49C3-AE48-59F46B10236B}.Debug|x64.ActiveCfg = Debug|x64
		{36CBA26E-F827-49C3-AE48-59F46B10236B}.Debug|x64.Build.0 = Debug|x64
		{36CBA26E-F827-49C3-AE48-59F46B10236B}.Debug|x86.ActiveCfg = Debug|Win32
		{36CBA26E-F827-49C3-AE48-59F46B10236B}.Debug|x86.Build.0 = Debug|Win32
		{36CBA26E-F827-49C3-AE48-59F46B10236B}.Release|x64.ActiveCfg = Release|x64
		{36CBA26E-F827-49C3-AE48-59F46B10236B}.Release|x64.Build.0 = Release|x64
		{36CBA26E-F827-49C3-AE48-59F46B10236B}.Release|x86.ActiveCfg = Release|Win32
		{36CBA26E-F827-49C3-AE48-59F46B10236B}.Release|x86.Build.0 = Release|Win32
		{F815D18D-53CE-4722-BC98-D193CAAA0309}.Debug|x64.ActiveCfg = Debug|x64
		{F815D18D-53CE-4722-BC98-D193CAAA0309}.Debug|x64.Build.0 = Debug|x64
		{F815D18D-53CE-4722-BC98-D193CAAA0309}.Debug|x86.ActiveCfg = Debug|Win32
		{F815D18D-53CE-4722-BC98-D193CAAA0309}.Debug|x86.Build.0 = Debug|Win32
		{F815D18D-53CE-4722-BC98-D193CAAA0309}.Release|x64.ActiveCfg = Release|x64
		{F815D18D-53CE-4722-BC98-D193CAAA0309}.Release|x64.Build.0 = Release|x64
		{F815D18D-53CE-4722-BC98-D193CAAA0309}.Release|x86.ActiveCfg = Release|Win32
		{F815D18D-53CE-4722-BC98-D193CAAA0309}.Release|x86.Build.0 = Release|Win32
		{DB8DEB70-51D9-490F-9FC5-55CE724EF50A}.Debug|x64.ActiveCfg = Debug|x64
		{DB8DEB70-51D9-490F-9FC5-55CE724EF50A}.Debug|x64.Build.0 = Debug|x64
		{DB8DEB70-51D9-490F-9FC5-55CE724EF50A}.Debug|x86.ActiveCfg = Debug|Win32
		{DB8DEB70-51D9-490F-9FC5-55CE724EF50A}.Debug|x86.Build.0 = Debug|Win32
		{DB8DEB70-51D9-490F-9FC5-55CE724EF50A}.Release|x64.ActiveCfg = Release|x64
		{DB8DEB70-51D9-490F-9FC5-55CE724EF50A}.Release|x64.Build.0 = Release|x64
		{DB8DEB70-51D9-490F-9FC5-55CE724EF50A}.Release|x86.ActiveCfg = Release|Win32
		{DB8DEB70-51D9-490F-9FC5-55CE724EF50A}.Release|x86.Build.0 = Release|Win32
		{F614BE0A-0BD3-4176-A4A5-C165184A9261}.Debug|x64.ActiveCfg = Debug|x64
		{F614BE0A-0BD3-4176-A4A5-C165184A9261}.Debug|x64.Build.0 = Debug|x64
		{F614BE0A-0BD3-4176-A4A5-C165184A9261}.Debug|x86.ActiveCfg = Debug|Win32
		{F614BE0A-0BD3-4176-A4A5-C165184A9261}.Debug|x86.Build.0 = Debug|Win32
		{F614BE0A-0BD3-4176-A4A5-C165184A9261}.Release|x64.ActiveCfg = Release|x64
		{F614BE0A-0BD3-4176-A4A5-C165184A9261}.Release|x64.Build.0 = Release|x64
		{F614BE0A-0BD3-4176-A4A5-C165184A9261}.Release|x86.ActiveCfg = Release|Win32
		{F614BE0A-0BD3-4176-A4A5-C165184A9261}.Release|x86.Build.0 = Release|Win32
		{76757BC5-314A-45FF-BB69-18CE53A4D9F3}.Debug|x64.ActiveCfg = Debug|x64
		{76757BC5-314A-45FF-BB69-18CE53A4D9F3}.Debug|x64.Build.0 = Debug|x64
		{76757BC5-314A-45FF-BB69-18CE53A4D9F3}.Debug|x86.ActiveCfg = Debug|Win32
		{76757BC5-314A-45FF-BB69-18CE53A4D9F3}.Debug|x86.Build.0 = Debug|Win32
		{76757BC5-314A-45FF-BB69-18CE53A4D9F3}.Release|x64.ActiveCfg = Release|x64
		{76757BC5-314A-45FF-BB69-18CE53A4D9F3}.Release|x64.Build.0 = Release|x64
		{76757BC5-314A-45FF-BB69-18CE53A4D9F3}.Release|x86.ActiveCfg = Release|Win32
		{76757BC5-314A-45FF-BB69-18CE53A4D9F3}.Release|x86.Build.0 = Release|Win32
		{0731547B-F499-499D-A92C-B4D1A58E8EAA}.Debug|x64.ActiveCfg = Debug|x64
		{0731547B-F499-499D-A92C-B4D1A58E8EAA}.Debug|x64.Build.0 = Debug|x64
		{0731547B-F499-499D-A92C-B4D1A58E8EAA}.Debug|x86.ActiveCfg = Debug|Win32
		{0731547B-F499-499D-A92C-B4D1A58E8EAA}.Debug|x86.Build.0 = Debug|Win32
		{0731547B-F499-499D-A92C-B4D1A58E8EAA}.Release|x64.ActiveCfg = Release|x64
		{0731547B-F499-499D-A92C-B4D1A58E8EAA}.Release|x64.Build.0 = Release|x64
		{0731547B-F499-499D-A92C-B4D1A58E8EAA}.Release|x86.ActiveCfg = Release|Win32
		{0731547B-F499-499D-A92C-B4D1A58E8EAA}.Release|x86.Build.0 = Release|Win32
		{474FA253-C8B1-40E5-9CA7-C1B52DAA174F}.Debug|x64.ActiveCfg = Debug|x64
		{474FA253-C8B1-40E5-9CA7-C1B52DAA174F}.Debug|x64.Build.0 = Debug|x64
		{474FA253-C8B1-40E5-9CA7-C1B52DAA174F}.Debug|x86.ActiveCfg = Debug|Win32
		{474FA253-C8B1-40E5-9CA7-C1B52DAA174F}.Debug|x86.Build.0 = Debug|Win32
		{474FA253-C8B1-40E5-9CA7-C1B52DAA174F}.Release|x64.ActiveCfg = Release|x64
		{474FA253-C8B1-40E5-9CA7-C1B52DAA174F}.Release|x64.Build.0 = Release|x64
		{474FA253-C8B1-40E5-9CA7-C1B52DAA174F}.Release|x86.ActiveCfg = Release|Win32
		{474FA253-C8B1-40E5-9CA7-C1B52DAA174F}.Release|x86.Build.0 = Release|Win32
		{193396BA-9E2D-49D4-B68C-6D1F9BB966C0}.Debug|x64.ActiveCfg = Debug|x64
		{193396BA-9E2D-49D4-B68C-6D1F9BB966C0}.Debug|x64.Build.0 = Debug|x64
		{193396BA-9E2D-49D4-B68C-6D1F9BB966C0}.Debug|x86.ActiveCfg = Debug|Win32
		{193396BA-9E2D-49D4-B68C-6D1F9BB966C0}.Debug|x86.Build.0 = Debug|Win32
		{193396BA-9E2D-49D4-B68C-6D1F9BB966C0}.Release|x64.ActiveCfg = Release|x64
		{193396BA-9E2D-49D4-B68C-6D1F9BB966C0}.Release|x64.Build.0 = Release|x64
		{193396BA-9E2D-49D4-B68C-6D1F9BB966C0}.Release|x86.ActiveCfg = Release|Win32
		{193396BA-9E2D-49D4-B68C-6D1F9BB966C0}.Release|x86.Build.0 = Release|Win32
		{94BD2D5E-35DC-43E8-8D13-31FE8E175A29}.Debug|x64.ActiveCfg = Debug|x64
		{94BD2D5E-35DC-43E8-8D13-31FE8E175A29}.Debug|x64.Build.0 = Debug|x64
		{94BD2D5E-35DC-43E8-8D13-31FE8E175A29}.Debug|x86.ActiveCfg = Debug|Win32
		{94BD2D5E-35DC-43E8-8D13-31FE8E175A29}.Debug|x86.Build.0 = Debug|Win32
		{94BD2D5E-35DC-43E8-8D13-31FE8E175A29}.Release|x64.ActiveCfg = Release|x64
		{94BD2D5E-35DC-43E8-8D13-31FE8E175A29}.Release|x64.Build.0 = Release|x64
		{94BD2D5E-35DC-43E8-8D13-31FE8E175A29}.Release|x86.ActiveCfg = Release|Win32
		{94BD2D5E-35DC-43E8-8D13-31FE8E175A29}.Release|x86.Build.0 = Release|Win32
	EndGlobalSection
	GlobalSection(SolutionProperties) = preSolution
		HideSolutionNode = FALSE
	EndGlobalSection
	GlobalSection(ExtensibilityGlobals) = postSolution
		SolutionGuid = {FCF4C73B-248D-4C28-8770-046DE3BBB0ED}
	EndGlobalSection
EndGlobal
